
Microsoft Visual Studio Solution File, Format Version 12.00
# Visual Studio Version 17
VisualStudioVersion = 17.4.33213.308
MinimumVisualStudioVersion = 10.0.40219.1
Project("{9A19103F-16F7-4668-BE54-9A1E7A4F7556}") = "SocialNetwork", "SocialNetwork\SocialNetwork.csproj", "{F7705D45-F54E-469C-9DC0-84768F59D1A0}"
EndProject
Project("{9A19103F-16F7-4668-BE54-9A1E7A4F7556}") = "SocialNetwork.Tests", "SocialNetwork.Tests\SocialNetwork.Tests.csproj", "{9BA3E911-859A-4A3F-A010-F1EB2DF4A636}"
EndProject
Global
	GlobalSection(SolutionConfigurationPlatforms) = preSolution
		Debug|Any CPU = Debug|Any CPU
		Release|Any CPU = Release|Any CPU
	EndGlobalSection
	GlobalSection(ProjectConfigurationPlatforms) = postSolution
		{F7705D45-F54E-469C-9DC0-84768F59D1A0}.Debug|Any CPU.ActiveCfg = Debug|Any CPU
		{F7705D45-F54E-469C-9DC0-84768F59D1A0}.Debug|Any CPU.Build.0 = Debug|Any CPU
		{F7705D45-F54E-469C-9DC0-84768F59D1A0}.Release|Any CPU.ActiveCfg = Release|Any CPU
		{F7705D45-F54E-469C-9DC0-84768F59D1A0}.Release|Any CPU.Build.0 = Release|Any CPU
		{9BA3E911-859A-4A3F-A010-F1EB2DF4A636}.Debug|Any CPU.ActiveCfg = Debug|Any CPU
		{9BA3E911-859A-4A3F-A010-F1EB2DF4A636}.Debug|Any CPU.Build.0 = Debug|Any CPU
		{9BA3E911-859A-4A3F-A010-F1EB2DF4A636}.Release|Any CPU.ActiveCfg = Release|Any CPU
		{9BA3E911-859A-4A3F-A010-F1EB2DF4A636}.Release|Any CPU.Build.0 = Release|Any CPU
	EndGlobalSection
	GlobalSection(SolutionProperties) = preSolution
		HideSolutionNode = FALSE
	EndGlobalSection
	GlobalSection(ExtensibilityGlobals) = postSolution
		SolutionGuid = {7B2896C1-1E7E-4BDA-BD58-168C2AFFFF28}
	EndGlobalSection
EndGlobal
